{
  "name": "statcalc",
  "version": "1.0.0",
  "lockfileVersion": 3,
  "requires": true,
  "packages": {
    "": {
      "name": "statcalc",
      "version": "1.0.0",
      "license": "ISC",
      "dependencies": {
        "json-array-sorter": "^0.0.5"
      }
    },
    "node_modules/json-array-sorter": {
      "version": "0.0.5",
      "resolved": "https://registry.npmjs.org/json-array-sorter/-/json-array-sorter-0.0.5.tgz",
      "integrity": "sha512-cQ/zZx2oboA+GbI4E/EM0a3/SeoRkfLCEIxyHT6MvZnCPJDJRjyn02/LTKt9hnbagvjOAhZ59+ZD58IrB3udLw=="
    }
  }
}
